
Microsoft Visual Studio Solution File, Format Version 12.00
# Visual Studio 15
VisualStudioVersion = 15.0.28307.1267
MinimumVisualStudioVersion = 10.0.40219.1
Project("{FAE04EC0-301F-11D3-BF4B-00C04F79EFBC}") = "MobileGamePort", "MobileGamePort\MobileGamePort.csproj", "{4561D481-BF1F-428B-A087-03917CB75ACE}"
EndProject
Global
	GlobalSection(SolutionConfigurationPlatforms) = preSolution
		Debug|Any CPU = Debug|Any CPU
		Release|Any CPU = Release|Any CPU
	EndGlobalSection
	GlobalSection(ProjectConfigurationPlatforms) = postSolution
		{4561D481-BF1F-428B-A087-03917CB75ACE}.Debug|Any CPU.ActiveCfg = Debug|Any CPU
		{4561D481-BF1F-428B-A087-03917CB75ACE}.Debug|Any CPU.Build.0 = Debug|Any CPU
		{4561D481-BF1F-428B-A087-03917CB75ACE}.Release|Any CPU.ActiveCfg = Release|Any CPU
		{4561D481-BF1F-428B-A087-03917CB75ACE}.Release|Any CPU.Build.0 = Release|Any CPU
	EndGlobalSection
	GlobalSection(SolutionProperties) = preSolution
		HideSolutionNode = FALSE
	EndGlobalSection
	GlobalSection(ExtensibilityGlobals) = postSolution
		SolutionGuid = {4D6582F7-10B6-4EEF-A37E-A73E72ABA482}
	EndGlobalSection
EndGlobal
